
Microsoft Visual Studio Solution File, Format Version 12.00
# Visual Studio Version 17
VisualStudioVersion = 17.12.35707.178 d17.12
MinimumVisualStudioVersion = 10.0.40219.1
Project("{FAE04EC0-301F-11D3-BF4B-00C04F79EFBC}") = "WareHouse.API", "WareHouse.API\WareHouse.API.csproj", "{5F3E8C78-B1C5-4414-B6CD-3B9F71686A5A}"
EndProject
Project("{FAE04EC0-301F-11D3-BF4B-00C04F79EFBC}") = "WareHouse.BusinessLayer", "WareHouse.BusinessLayer\WareHouse.BusinessLayer.csproj", "{9678DA95-17BD-4C4A-A1B0-988FD75EE8D5}"
EndProject
Project("{FAE04EC0-301F-11D3-BF4B-00C04F79EFBC}") = "WareHouse.Data", "WareHouse.Data\WareHouse.Data.csproj", "{A6487787-8F75-46A6-AF79-D8FA3EA479BB}"
EndProject
Global
	GlobalSection(SolutionConfigurationPlatforms) = preSolution
		Debug|Any CPU = Debug|Any CPU
		Release|Any CPU = Release|Any CPU
	EndGlobalSection
	GlobalSection(ProjectConfigurationPlatforms) = postSolution
		{5F3E8C78-B1C5-4414-B6CD-3B9F71686A5A}.Debug|Any CPU.ActiveCfg = Debug|Any CPU
		{5F3E8C78-B1C5-4414-B6CD-3B9F71686A5A}.Debug|Any CPU.Build.0 = Debug|Any CPU
		{5F3E8C78-B1C5-4414-B6CD-3B9F71686A5A}.Release|Any CPU.ActiveCfg = Release|Any CPU
		{5F3E8C78-B1C5-4414-B6CD-3B9F71686A5A}.Release|Any CPU.Build.0 = Release|Any CPU
		{9678DA95-17BD-4C4A-A1B0-988FD75EE8D5}.Debug|Any CPU.ActiveCfg = Debug|Any CPU
		{9678DA95-17BD-4C4A-A1B0-988FD75EE8D5}.Debug|Any CPU.Build.0 = Debug|Any CPU
		{9678DA95-17BD-4C4A-A1B0-988FD75EE8D5}.Release|Any CPU.ActiveCfg = Release|Any CPU
		{9678DA95-17BD-4C4A-A1B0-988FD75EE8D5}.Release|Any CPU.Build.0 = Release|Any CPU
		{A6487787-8F75-46A6-AF79-D8FA3EA479BB}.Debug|Any CPU.ActiveCfg = Debug|Any CPU
		{A6487787-8F75-46A6-AF79-D8FA3EA479BB}.Debug|Any CPU.Build.0 = Debug|Any CPU
		{A6487787-8F75-46A6-AF79-D8FA3EA479BB}.Release|Any CPU.ActiveCfg = Release|Any CPU
		{A6487787-8F75-46A6-AF79-D8FA3EA479BB}.Release|Any CPU.Build.0 = Release|Any CPU
	EndGlobalSection
	GlobalSection(SolutionProperties) = preSolution
		HideSolutionNode = FALSE
	EndGlobalSection
EndGlobal
